
Microsoft Visual Studio Solution File, Format Version 12.00
# Visual Studio 2017
Project("{FAE04EC0-301F-11D3-BF4B-00C04F79EFBC}") = "G-20 2.0", "G-20 2.0.csproj", "{7FF711B4-E06B-F479-BBCD-93C7BCB94030}"
EndProject
Global
	GlobalSection(SolutionConfigurationPlatforms) = preSolution
		Debug|Any CPU = Debug|Any CPU
		Release|Any CPU = Release|Any CPU
	EndGlobalSection
	GlobalSection(ProjectConfigurationPlatforms) = postSolution
		{7FF711B4-E06B-F479-BBCD-93C7BCB94030}.Debug|Any CPU.ActiveCfg = Debug|Any CPU
		{7FF711B4-E06B-F479-BBCD-93C7BCB94030}.Debug|Any CPU.Build.0 = Debug|Any CPU
		{7FF711B4-E06B-F479-BBCD-93C7BCB94030}.Release|Any CPU.ActiveCfg = Release|Any CPU
		{7FF711B4-E06B-F479-BBCD-93C7BCB94030}.Release|Any CPU.Build.0 = Release|Any CPU
	EndGlobalSection
	GlobalSection(SolutionProperties) = preSolution
		HideSolutionNode = FALSE
	EndGlobalSection
EndGlobal
